
Microsoft Visual Studio Solution File, Format Version 12.00
# Visual Studio 14
VisualStudioVersion = 14.0.24720.0
MinimumVisualStudioVersion = 10.0.40219.1
Project("{FAE04EC0-301F-11D3-BF4B-00C04F79EFBC}") = "CompositeKeyCollection", "CompositeKeyCollection\CompositeKeyCollection.csproj", "{C5A5FED8-2304-4889-B48A-63EF263C1691}"
EndProject
Project("{2150E333-8FDC-42A3-9474-1A3956D46DE8}") = "Test", "Test", "{56D5CD83-CDA6-403A-8812-BD81610A1FD1}"
EndProject
Project("{2150E333-8FDC-42A3-9474-1A3956D46DE8}") = "Project", "Project", "{FB4C47C9-A28B-4D79-8023-5D935C8A17D5}"
EndProject
Project("{FAE04EC0-301F-11D3-BF4B-00C04F79EFBC}") = "CompositeKeyTest", "CompositeKeyCollectionTest\CompositeKeyTest.csproj", "{D3DF9E0B-66CD-4207-9B8B-5A8F5C929BA8}"
EndProject
Global
	GlobalSection(SolutionConfigurationPlatforms) = preSolution
		Debug|Any CPU = Debug|Any CPU
		Debug|x64 = Debug|x64
		Release|Any CPU = Release|Any CPU
		Release|x64 = Release|x64
	EndGlobalSection
	GlobalSection(ProjectConfigurationPlatforms) = postSolution
		{C5A5FED8-2304-4889-B48A-63EF263C1691}.Debug|Any CPU.ActiveCfg = Debug|Any CPU
		{C5A5FED8-2304-4889-B48A-63EF263C1691}.Debug|Any CPU.Build.0 = Debug|Any CPU
		{C5A5FED8-2304-4889-B48A-63EF263C1691}.Debug|x64.ActiveCfg = Debug|x64
		{C5A5FED8-2304-4889-B48A-63EF263C1691}.Debug|x64.Build.0 = Debug|x64
		{C5A5FED8-2304-4889-B48A-63EF263C1691}.Release|Any CPU.ActiveCfg = Release|Any CPU
		{C5A5FED8-2304-4889-B48A-63EF263C1691}.Release|Any CPU.Build.0 = Release|Any CPU
		{C5A5FED8-2304-4889-B48A-63EF263C1691}.Release|x64.ActiveCfg = Release|x64
		{C5A5FED8-2304-4889-B48A-63EF263C1691}.Release|x64.Build.0 = Release|x64
		{D3DF9E0B-66CD-4207-9B8B-5A8F5C929BA8}.Debug|Any CPU.ActiveCfg = Debug|Any CPU
		{D3DF9E0B-66CD-4207-9B8B-5A8F5C929BA8}.Debug|Any CPU.Build.0 = Debug|Any CPU
		{D3DF9E0B-66CD-4207-9B8B-5A8F5C929BA8}.Debug|x64.ActiveCfg = Debug|x64
		{D3DF9E0B-66CD-4207-9B8B-5A8F5C929BA8}.Debug|x64.Build.0 = Debug|x64
		{D3DF9E0B-66CD-4207-9B8B-5A8F5C929BA8}.Release|Any CPU.ActiveCfg = Release|Any CPU
		{D3DF9E0B-66CD-4207-9B8B-5A8F5C929BA8}.Release|Any CPU.Build.0 = Release|Any CPU
		{D3DF9E0B-66CD-4207-9B8B-5A8F5C929BA8}.Release|x64.ActiveCfg = Release|x64
		{D3DF9E0B-66CD-4207-9B8B-5A8F5C929BA8}.Release|x64.Build.0 = Release|x64
	EndGlobalSection
	GlobalSection(SolutionProperties) = preSolution
		HideSolutionNode = FALSE
	EndGlobalSection
	GlobalSection(NestedProjects) = preSolution
		{C5A5FED8-2304-4889-B48A-63EF263C1691} = {FB4C47C9-A28B-4D79-8023-5D935C8A17D5}
		{D3DF9E0B-66CD-4207-9B8B-5A8F5C929BA8} = {56D5CD83-CDA6-403A-8812-BD81610A1FD1}
	EndGlobalSection
EndGlobal
